
Microsoft Visual Studio Solution File, Format Version 12.00
# Visual Studio Version 16
VisualStudioVersion = 16.0.810.25
MinimumVisualStudioVersion = 10.0.40219.1
Project("{FAE04EC0-301F-11D3-BF4B-00C04F79EFBC}") = "BlazorMatchGame", "BlazorMatchGame\BlazorMatchGame.csproj", "{6DA34A5B-46F5-4D43-9A50-8187A1469638}"
EndProject
Global
	GlobalSection(SolutionConfigurationPlatforms) = preSolution
		Debug|Any CPU = Debug|Any CPU
		Release|Any CPU = Release|Any CPU
	EndGlobalSection
	GlobalSection(ProjectConfigurationPlatforms) = postSolution
		{6DA34A5B-46F5-4D43-9A50-8187A1469638}.Debug|Any CPU.ActiveCfg = Debug|Any CPU
		{6DA34A5B-46F5-4D43-9A50-8187A1469638}.Debug|Any CPU.Build.0 = Debug|Any CPU
		{6DA34A5B-46F5-4D43-9A50-8187A1469638}.Release|Any CPU.ActiveCfg = Release|Any CPU
		{6DA34A5B-46F5-4D43-9A50-8187A1469638}.Release|Any CPU.Build.0 = Release|Any CPU
	EndGlobalSection
	GlobalSection(SolutionProperties) = preSolution
		HideSolutionNode = FALSE
	EndGlobalSection
	GlobalSection(ExtensibilityGlobals) = postSolution
		SolutionGuid = {C3E7CAC5-C916-4828-89F5-90CE4BDC86A4}
	EndGlobalSection
EndGlobal
